// !$*UTF8*$!
{
	archiveVersion = 1;
	classes = {
	};
	objectVersion = 56;
	objects = {

/* Begin PBXBuildFile section */
		2B83C8012B00769C00CCCAC0 /* User_Management_SystemApp.swift in Sources */ = {isa = PBXBuildFile; fileRef = 2B83C8002B00769C00CCCAC0 /* User_Management_SystemApp.swift */; };
		2B83C8032B00769C00CCCAC0 /* ContentView.swift in Sources */ = {isa = PBXBuildFile; fileRef = 2B83C8022B00769C00CCCAC0 /* ContentView.swift */; };
		2B83C8052B00769E00CCCAC0 /* Assets.xcassets in Resources */ = {isa = PBXBuildFile; fileRef = 2B83C8042B00769E00CCCAC0 /* Assets.xcassets */; };
		2B83C8082B00769E00CCCAC0 /* Preview Assets.xcassets in Resources */ = {isa = PBXBuildFile; fileRef = 2B83C8072B00769E00CCCAC0 /* Preview Assets.xcassets */; };
		2BF756012B008C2100DDBE37 /* UserModel.swift in Sources */ = {isa = PBXBuildFile; fileRef = 2BF756002B008C2100DDBE37 /* UserModel.swift */; };
		2BF756032B008C4F00DDBE37 /* DB_Manager.swift in Sources */ = {isa = PBXBuildFile; fileRef = 2BF756022B008C4F00DDBE37 /* DB_Manager.swift */; };
		2BF756072B00904700DDBE37 /* AddUserView.swift in Sources */ = {isa = PBXBuildFile; fileRef = 2BF756062B00904700DDBE37 /* AddUserView.swift */; };
		2BF756092B01571600DDBE37 /* EditUserView.swift in Sources */ = {isa = PBXBuildFile; fileRef = 2BF756082B01571600DDBE37 /* EditUserView.swift */; };
		2BF7560B2B0281F300DDBE37 /* SearchUserView.swift in Sources */ = {isa = PBXBuildFile; fileRef = 2BF7560A2B0281F300DDBE37 /* SearchUserView.swift */; };
		2BF756112B02D93E00DDBE37 /* Utils.swift in Sources */ = {isa = PBXBuildFile; fileRef = 2BF756102B02D93E00DDBE37 /* Utils.swift */; };
		7B74C7BC49D450CC09AC4127 /* Pods_User_Management_System.framework in Frameworks */ = {isa = PBXBuildFile; fileRef = 089384BE28911E5CF739A52C /* Pods_User_Management_System.framework */; };
/* End PBXBuildFile section */

/* Begin PBXFileReference section */
		089384BE28911E5CF739A52C /* Pods_User_Management_System.framework */ = {isa = PBXFileReference; explicitFileType = wrapper.framework; includeInIndex = 0; path = Pods_User_Management_System.framework; sourceTree = BUILT_PRODUCTS_DIR; };
		2B83C7FD2B00769C00CCCAC0 /* User Management System.app */ = {isa = PBXFileReference; explicitFileType = wrapper.application; includeInIndex = 0; path = "User Management System.app"; sourceTree = BUILT_PRODUCTS_DIR; };
		2B83C8002B00769C00CCCAC0 /* User_Management_SystemApp.swift */ = {isa = PBXFileReference; lastKnownFileType = sourcecode.swift; path = User_Management_SystemApp.swift; sourceTree = "<group>"; };
		2B83C8022B00769C00CCCAC0 /* ContentView.swift */ = {isa = PBXFileReference; lastKnownFileType = sourcecode.swift; path = ContentView.swift; sourceTree = "<group>"; };
		2B83C8042B00769E00CCCAC0 /* Assets.xcassets */ = {isa = PBXFileReference; lastKnownFileType = folder.assetcatalog; path = Assets.xcassets; sourceTree = "<group>"; };
		2B83C8072B00769E00CCCAC0 /* Preview Assets.xcassets */ = {isa = PBXFileReference; lastKnownFileType = folder.assetcatalog; path = "Preview Assets.xcassets"; sourceTree = "<group>"; };
		2BF756002B008C2100DDBE37 /* UserModel.swift */ = {isa = PBXFileReference; lastKnownFileType = sourcecode.swift; path = UserModel.swift; sourceTree = "<group>"; };
		2BF756022B008C4F00DDBE37 /* DB_Manager.swift */ = {isa = PBXFileReference; lastKnownFileType = sourcecode.swift; path = DB_Manager.swift; sourceTree = "<group>"; };
		2BF756062B00904700DDBE37 /* AddUserView.swift */ = {isa = PBXFileReference; lastKnownFileType = sourcecode.swift; path = AddUserView.swift; sourceTree = "<group>"; };
		2BF756082B01571600DDBE37 /* EditUserView.swift */ = {isa = PBXFileReference; lastKnownFileType = sourcecode.swift; path = EditUserView.swift; sourceTree = "<group>"; };
		2BF7560A2B0281F300DDBE37 /* SearchUserView.swift */ = {isa = PBXFileReference; lastKnownFileType = sourcecode.swift; path = SearchUserView.swift; sourceTree = "<group>"; };
		2BF756102B02D93E00DDBE37 /* Utils.swift */ = {isa = PBXFileReference; lastKnownFileType = sourcecode.swift; path = Utils.swift; sourceTree = "<group>"; };
		458F34B08BA90DC401681878 /* Pods-User Management System.debug.xcconfig */ = {isa = PBXFileReference; includeInIndex = 1; lastKnownFileType = text.xcconfig; name = "Pods-User Management System.debug.xcconfig"; path = "Target Support Files/Pods-User Management System/Pods-User Management System.debug.xcconfig"; sourceTree = "<group>"; };
		8D919ACDFCC48E30E044DBB3 /* Pods-User Management System.release.xcconfig */ = {isa = PBXFileReference; includeInIndex = 1; lastKnownFileType = text.xcconfig; name = "Pods-User Management System.release.xcconfig"; path = "Target Support Files/Pods-User Management System/Pods-User Management System.release.xcconfig"; sourceTree = "<group>"; };
/* End PBXFileReference section */

/* Begin PBXFrameworksBuildPhase section */
		2B83C7FA2B00769C00CCCAC0 /* Frameworks */ = {
			isa = PBXFrameworksBuildPhase;
			buildActionMask = 2147483647;
			files = (
				7B74C7BC49D450CC09AC4127 /* Pods_User_Management_System.framework in Frameworks */,
			);
			runOnlyForDeploymentPostprocessing = 0;
		};
/* End PBXFrameworksBuildPhase section */

/* Begin PBXGroup section */
		2B83C7F42B00769C00CCCAC0 = {
			isa = PBXGroup;
			children = (
				2B83C7FF2B00769C00CCCAC0 /* User Management System */,
				2B83C7FE2B00769C00CCCAC0 /* Products */,
				D1E6BAF40BE3A18BDDC42F76 /* Pods */,
				F48A814A88E3D917A1B79415 /* Frameworks */,
			);
			sourceTree = "<group>";
		};
		2B83C7FE2B00769C00CCCAC0 /* Products */ = {
			isa = PBXGroup;
			children = (
				2B83C7FD2B00769C00CCCAC0 /* User Management System.app */,
			);
			name = Products;
			sourceTree = "<group>";
		};
		2B83C7FF2B00769C00CCCAC0 /* User Management System */ = {
			isa = PBXGroup;
			children = (
				2BF7560F2B02D92F00DDBE37 /* Utils */,
				2BF7560D2B02D87600DDBE37 /* View */,
				2BF7560C2B02D84E00DDBE37 /* Database */,
				2B83C8002B00769C00CCCAC0 /* User_Management_SystemApp.swift */,
				2B83C8022B00769C00CCCAC0 /* ContentView.swift */,
				2B83C8042B00769E00CCCAC0 /* Assets.xcassets */,
				2B83C8062B00769E00CCCAC0 /* Preview Content */,
			);
			path = "User Management System";
			sourceTree = "<group>";
		};
		2B83C8062B00769E00CCCAC0 /* Preview Content */ = {
			isa = PBXGroup;
			children = (
				2B83C8072B00769E00CCCAC0 /* Preview Assets.xcassets */,
			);
			path = "Preview Content";
			sourceTree = "<group>";
		};
		2BF7560C2B02D84E00DDBE37 /* Database */ = {
			isa = PBXGroup;
			children = (
				2BF756002B008C2100DDBE37 /* UserModel.swift */,
				2BF756022B008C4F00DDBE37 /* DB_Manager.swift */,
			);
			path = Database;
			sourceTree = "<group>";
		};
		2BF7560D2B02D87600DDBE37 /* View */ = {
			isa = PBXGroup;
			children = (
				2BF7560A2B0281F300DDBE37 /* SearchUserView.swift */,
				2BF756062B00904700DDBE37 /* AddUserView.swift */,
				2BF756082B01571600DDBE37 /* EditUserView.swift */,
			);
			path = View;
			sourceTree = "<group>";
		};
		2BF7560F2B02D92F00DDBE37 /* Utils */ = {
			isa = PBXGroup;
			children = (
				2BF756102B02D93E00DDBE37 /* Utils.swift */,
			);
			path = Utils;
			sourceTree = "<group>";
		};
		D1E6BAF40BE3A18BDDC42F76 /* Pods */ = {
			isa = PBXGroup;
			children = (
				458F34B08BA90DC401681878 /* Pods-User Management System.debug.xcconfig */,
				8D919ACDFCC48E30E044DBB3 /* Pods-User Management System.release.xcconfig */,
			);
			path = Pods;
			sourceTree = "<group>";
		};
		F48A814A88E3D917A1B79415 /* Frameworks */ = {
			isa = PBXGroup;
			children = (
				089384BE28911E5CF739A52C /* Pods_User_Management_System.framework */,
			);
			name = Frameworks;
			sourceTree = "<group>";
		};
/* End PBXGroup section */

/* Begin PBXNativeTarget section */
		2B83C7FC2B00769C00CCCAC0 /* User Management System */ = {
			isa = PBXNativeTarget;
			buildConfigurationList = 2B83C80B2B00769E00CCCAC0 /* Build configuration list for PBXNativeTarget "User Management System" */;
			buildPhases = (
				7DEA551CC4B9C0E8BEAAE7EC /* [CP] Check Pods Manifest.lock */,
				2B83C7F92B00769C00CCCAC0 /* Sources */,
				2B83C7FA2B00769C00CCCAC0 /* Frameworks */,
				2B83C7FB2B00769C00CCCAC0 /* Resources */,
				9CE09A1812018A4F26AEFAC9 /* [CP] Embed Pods Frameworks */,
			);
			buildRules = (
			);
			dependencies = (
			);
			name = "User Management System";
			productName = "User Management System";
			productReference = 2B83C7FD2B00769C00CCCAC0 /* User Management System.app */;
			productType = "com.apple.product-type.application";
		};
/* End PBXNativeTarget section */

/* Begin PBXProject section */
		2B83C7F52B00769C00CCCAC0 /* Project object */ = {
			isa = PBXProject;
			attributes = {
				BuildIndependentTargetsInParallel = 1;
				LastSwiftUpdateCheck = 1500;
				LastUpgradeCheck = 1500;
				TargetAttributes = {
					2B83C7FC2B00769C00CCCAC0 = {
						CreatedOnToolsVersion = 15.0.1;
					};
				};
			};
			buildConfigurationList = 2B83C7F82B00769C00CCCAC0 /* Build configuration list for PBXProject "User Management System" */;
			compatibilityVersion = "Xcode 14.0";
			developmentRegion = en;
			hasScannedForEncodings = 0;
			knownRegions = (
				en,
				Base,
			);
			mainGroup = 2B83C7F42B00769C00CCCAC0;
			productRefGroup = 2B83C7FE2B00769C00CCCAC0 /* Products */;
			projectDirPath = "";
			projectRoot = "";
			targets = (
				2B83C7FC2B00769C00CCCAC0 /* User Management System */,
			);
		};
/* End PBXProject section */

/* Begin PBXResourcesBuildPhase section */
		2B83C7FB2B00769C00CCCAC0 /* Resources */ = {
			isa = PBXResourcesBuildPhase;
			buildActionMask = 2147483647;
			files = (
				2B83C8082B00769E00CCCAC0 /* Preview Assets.xcassets in Resources */,
				2B83C8052B00769E00CCCAC0 /* Assets.xcassets in Resources */,
			);
			runOnlyForDeploymentPostprocessing = 0;
		};
/* End PBXResourcesBuildPhase section */

/* Begin PBXShellScriptBuildPhase section */
		7DEA551CC4B9C0E8BEAAE7EC /* [CP] Check Pods Manifest.lock */ = {
			isa = PBXShellScriptBuildPhase;
			buildActionMask = 2147483647;
			files = (
			);
			inputFileListPaths = (
			);
			inputPaths = (
				"${PODS_PODFILE_DIR_PATH}/Podfile.lock",
				"${PODS_ROOT}/Manifest.lock",
			);
			name = "[CP] Check Pods Manifest.lock";
			outputFileListPaths = (
			);
			outputPaths = (
				"$(DERIVED_FILE_DIR)/Pods-User Management System-checkManifestLockResult.txt",
			);
			runOnlyForDeploymentPostprocessing = 0;
			shellPath = /bin/sh;
			shellScript = "diff \"${PODS_PODFILE_DIR_PATH}/Podfile.lock\" \"${PODS_ROOT}/Manifest.lock\" > /dev/null\nif [ $? != 0 ] ; then\n    # print error to STDERR\n    echo \"error: The sandbox is not in sync with the Podfile.lock. Run 'pod install' or update your CocoaPods installation.\" >&2\n    exit 1\nfi\n# This output is used by Xcode 'outputs' to avoid re-running this script phase.\necho \"SUCCESS\" > \"${SCRIPT_OUTPUT_FILE_0}\"\n";
			showEnvVarsInLog = 0;
		};
		9CE09A1812018A4F26AEFAC9 /* [CP] Embed Pods Frameworks */ = {
			isa = PBXShellScriptBuildPhase;
			buildActionMask = 2147483647;
			files = (
			);
			inputFileListPaths = (
				"${PODS_ROOT}/Target Support Files/Pods-User Management System/Pods-User Management System-frameworks-${CONFIGURATION}-input-files.xcfilelist",
			);
			name = "[CP] Embed Pods Frameworks";
			outputFileListPaths = (
				"${PODS_ROOT}/Target Support Files/Pods-User Management System/Pods-User Management System-frameworks-${CONFIGURATION}-output-files.xcfilelist",
			);
			runOnlyForDeploymentPostprocessing = 0;
			shellPath = /bin/sh;
			shellScript = "\"${PODS_ROOT}/Target Support Files/Pods-User Management System/Pods-User Management System-frameworks.sh\"\n";
			showEnvVarsInLog = 0;
		};
/* End PBXShellScriptBuildPhase section */

/* Begin PBXSourcesBuildPhase section */
		2B83C7F92B00769C00CCCAC0 /* Sources */ = {
			isa = PBXSourcesBuildPhase;
			buildActionMask = 2147483647;
			files = (
				2B83C8032B00769C00CCCAC0 /* ContentView.swift in Sources */,
				2BF756012B008C2100DDBE37 /* UserModel.swift in Sources */,
				2BF756072B00904700DDBE37 /* AddUserView.swift in Sources */,
				2BF756092B01571600DDBE37 /* EditUserView.swift in Sources */,
				2B83C8012B00769C00CCCAC0 /* User_Management_SystemApp.swift in Sources */,
				2BF7560B2B0281F300DDBE37 /* SearchUserView.swift in Sources */,
				2BF756032B008C4F00DDBE37 /* DB_Manager.swift in Sources */,
				2BF756112B02D93E00DDBE37 /* Utils.swift in Sources */,
			);
			runOnlyForDeploymentPostprocessing = 0;
		};
/* End PBXSourcesBuildPhase section */

/* Begin XCBuildConfiguration section */
		2B83C8092B00769E00CCCAC0 /* Debug */ = {
			isa = XCBuildConfiguration;
			buildSettings = {
				ALWAYS_SEARCH_USER_PATHS = NO;
				ASSETCATALOG_COMPILER_GENERATE_SWIFT_ASSET_SYMBOL_EXTENSIONS = YES;
				CLANG_ANALYZER_NONNULL = YES;
				CLANG_ANALYZER_NUMBER_OBJECT_CONVERSION = YES_AGGRESSIVE;
				CLANG_CXX_LANGUAGE_STANDARD = "gnu++20";
				CLANG_ENABLE_MODULES = YES;
				CLANG_ENABLE_OBJC_ARC = YES;
				CLANG_ENABLE_OBJC_WEAK = YES;
				CLANG_WARN_BLOCK_CAPTURE_AUTORELEASING = YES;
				CLANG_WARN_BOOL_CONVERSION = YES;
				CLANG_WARN_COMMA = YES;
				CLANG_WARN_CONSTANT_CONVERSION = YES;
				CLANG_WARN_DEPRECATED_OBJC_IMPLEMENTATIONS = YES;
				CLANG_WARN_DIRECT_OBJC_ISA_USAGE = YES_ERROR;
				CLANG_WARN_DOCUMENTATION_COMMENTS = YES;
				CLANG_WARN_EMPTY_BODY = YES;
				CLANG_WARN_ENUM_CONVERSION = YES;
				CLANG_WARN_INFINITE_RECURSION = YES;
				CLANG_WARN_INT_CONVERSION = YES;
				CLANG_WARN_NON_LITERAL_NULL_CONVERSION = YES;
				CLANG_WARN_OBJC_IMPLICIT_RETAIN_SELF = YES;
				CLANG_WARN_OBJC_LITERAL_CONVERSION = YES;
				CLANG_WARN_OBJC_ROOT_CLASS = YES_ERROR;
				CLANG_WARN_QUOTED_INCLUDE_IN_FRAMEWORK_HEADER = YES;
				CLANG_WARN_RANGE_LOOP_ANALYSIS = YES;
				CLANG_WARN_STRICT_PROTOTYPES = YES;
				CLANG_WARN_SUSPICIOUS_MOVE = YES;
				CLANG_WARN_UNGUARDED_AVAILABILITY = YES_AGGRESSIVE;
				CLANG_WARN_UNREACHABLE_CODE = YES;
				CLANG_WARN__DUPLICATE_METHOD_MATCH = YES;
				COPY_PHASE_STRIP = NO;
				DEBUG_INFORMATION_FORMAT = dwarf;
				ENABLE_STRICT_OBJC_MSGSEND = YES;
				ENABLE_TESTABILITY = YES;
				ENABLE_USER_SCRIPT_SANDBOXING = NO;
				GCC_C_LANGUAGE_STANDARD = gnu17;
				GCC_DYNAMIC_NO_PIC = NO;
				GCC_NO_COMMON_BLOCKS = YES;
				GCC_OPTIMIZATION_LEVEL = 0;
				GCC_PREPROCESSOR_DEFINITIONS = (
					"DEBUG=1",
					"$(inherited)",
				);
				GCC_WARN_64_TO_32_BIT_CONVERSION = YES;
				GCC_WARN_ABOUT_RETURN_TYPE = YES_ERROR;
				GCC_WARN_UNDECLARED_SELECTOR = YES;
				GCC_WARN_UNINITIALIZED_AUTOS = YES_AGGRESSIVE;
				GCC_WARN_UNUSED_FUNCTION = YES;
				GCC_WARN_UNUSED_VARIABLE = YES;
				IPHONEOS_DEPLOYMENT_TARGET = 17.0;
				LOCALIZATION_PREFERS_STRING_CATALOGS = YES;
				MTL_ENABLE_DEBUG_INFO = INCLUDE_SOURCE;
				MTL_FAST_MATH = YES;
				ONLY_ACTIVE_ARCH = YES;
				SDKROOT = iphoneos;
				SWIFT_ACTIVE_COMPILATION_CONDITIONS = "DEBUG $(inherited)";
				SWIFT_OPTIMIZATION_LEVEL = "-Onone";
			};
			name = Debug;
		};
		2B83C80A2B00769E00CCCAC0 /* Release */ = {
			isa = XCBuildConfiguration;
			buildSettings = {
				ALWAYS_SEARCH_USER_PATHS = NO;
				ASSETCATALOG_COMPILER_GENERATE_SWIFT_ASSET_SYMBOL_EXTENSIONS = YES;
				CLANG_ANALYZER_NONNULL = YES;
				CLANG_ANALYZER_NUMBER_OBJECT_CONVERSION = YES_AGGRESSIVE;
				CLANG_CXX_LANGUAGE_STANDARD = "gnu++20";
				CLANG_ENABLE_MODULES = YES;
				CLANG_ENABLE_OBJC_ARC = YES;
				CLANG_ENABLE_OBJC_WEAK = YES;
				CLANG_WARN_BLOCK_CAPTURE_AUTORELEASING = YES;
				CLANG_WARN_BOOL_CONVERSION = YES;
				CLANG_WARN_COMMA = YES;
				CLANG_WARN_CONSTANT_CONVERSION = YES;
				CLANG_WARN_DEPRECATED_OBJC_IMPLEMENTATIONS = YES;
				CLANG_WARN_DIRECT_OBJC_ISA_USAGE = YES_ERROR;
				CLANG_WARN_DOCUMENTATION_COMMENTS = YES;
				CLANG_WARN_EMPTY_BODY = YES;
				CLANG_WARN_ENUM_CONVERSION = YES;
				CLANG_WARN_INFINITE_RECURSION = YES;
				CLANG_WARN_INT_CONVERSION = YES;
				CLANG_WARN_NON_LITERAL_NULL_CONVERSION = YES;
				CLANG_WARN_OBJC_IMPLICIT_RETAIN_SELF = YES;
				CLANG_WARN_OBJC_LITERAL_CONVERSION = YES;
				CLANG_WARN_OBJC_ROOT_CLASS = YES_ERROR;
				CLANG_WARN_QUOTED_INCLUDE_IN_FRAMEWORK_HEADER = YES;
				CLANG_WARN_RANGE_LOOP_ANALYSIS = YES;
				CLANG_WARN_STRICT_PROTOTYPES = YES;
				CLANG_WARN_SUSPICIOUS_MOVE = YES;
				CLANG_WARN_UNGUARDED_AVAILABILITY = YES_AGGRESSIVE;
				CLANG_WARN_UNREACHABLE_CODE = YES;
				CLANG_WARN__DUPLICATE_METHOD_MATCH = YES;
				COPY_PHASE_STRIP = NO;
				DEBUG_INFORMATION_FORMAT = "dwarf-with-dsym";
				ENABLE_NS_ASSERTIONS = NO;
				ENABLE_STRICT_OBJC_MSGSEND = YES;
				ENABLE_USER_SCRIPT_SANDBOXING = NO;
				GCC_C_LANGUAGE_STANDARD = gnu17;
				GCC_NO_COMMON_BLOCKS = YES;
				GCC_WARN_64_TO_32_BIT_CONVERSION = YES;
				GCC_WARN_ABOUT_RETURN_TYPE = YES_ERROR;
				GCC_WARN_UNDECLARED_SELECTOR = YES;
				GCC_WARN_UNINITIALIZED_AUTOS = YES_AGGRESSIVE;
				GCC_WARN_UNUSED_FUNCTION = YES;
				GCC_WARN_UNUSED_VARIABLE = YES;
				IPHONEOS_DEPLOYMENT_TARGET = 17.0;
				LOCALIZATION_PREFERS_STRING_CATALOGS = YES;
				MTL_ENABLE_DEBUG_INFO = NO;
				MTL_FAST_MATH = YES;
				SDKROOT = iphoneos;
				SWIFT_COMPILATION_MODE = wholemodule;
				VALIDATE_PRODUCT = YES;
			};
			name = Release;
		};
		2B83C80C2B00769E00CCCAC0 /* Debug */ = {
			isa = XCBuildConfiguration;
			baseConfigurationReference = 458F34B08BA90DC401681878 /* Pods-User Management System.debug.xcconfig */;
			buildSettings = {
				ASSETCATALOG_COMPILER_APPICON_NAME = AppIcon;
				ASSETCATALOG_COMPILER_GLOBAL_ACCENT_COLOR_NAME = AccentColor;
				CODE_SIGN_STYLE = Automatic;
				CURRENT_PROJECT_VERSION = 1;
				DEVELOPMENT_ASSET_PATHS = "\"User Management System/Preview Content\"";
				DEVELOPMENT_TEAM = P33P4J96T4;
				ENABLE_PREVIEWS = YES;
				GENERATE_INFOPLIST_FILE = YES;
				INFOPLIST_KEY_UIApplicationSceneManifest_Generation = YES;
				INFOPLIST_KEY_UIApplicationSupportsIndirectInputEvents = YES;
				INFOPLIST_KEY_UILaunchScreen_Generation = YES;
				INFOPLIST_KEY_UISupportedInterfaceOrientations_iPad = "UIInterfaceOrientationPortrait UIInterfaceOrientationPortraitUpsideDown UIInterfaceOrientationLandscapeLeft UIInterfaceOrientationLandscapeRight";
				INFOPLIST_KEY_UISupportedInterfaceOrientations_iPhone = "UIInterfaceOrientationPortrait UIInterfaceOrientationLandscapeLeft UIInterfaceOrientationLandscapeRight";
				LD_RUNPATH_SEARCH_PATHS = (
					"$(inherited)",
					"@executable_path/Frameworks",
				);
				MARKETING_VERSION = 1.0;
				PRODUCT_BUNDLE_IDENTIFIER = "INFO6350.User-Management-System";
				PRODUCT_NAME = "$(TARGET_NAME)";
				SWIFT_EMIT_LOC_STRINGS = YES;
				SWIFT_VERSION = 5.0;
				TARGETED_DEVICE_FAMILY = "1,2";
			};
			name = Debug;
		};
		2B83C80D2B00769E00CCCAC0 /* Release */ = {
			isa = XCBuildConfiguration;
			baseConfigurationReference = 8D919ACDFCC48E30E044DBB3 /* Pods-User Management System.release.xcconfig */;
			buildSettings = {
				ASSETCATALOG_COMPILER_APPICON_NAME = AppIcon;
				ASSETCATALOG_COMPILER_GLOBAL_ACCENT_COLOR_NAME = AccentColor;
				CODE_SIGN_STYLE = Automatic;
				CURRENT_PROJECT_VERSION = 1;
				DEVELOPMENT_ASSET_PATHS = "\"User Management System/Preview Content\"";
				DEVELOPMENT_TEAM = P33P4J96T4;
				ENABLE_PREVIEWS = YES;
				GENERATE_INFOPLIST_FILE = YES;
				INFOPLIST_KEY_UIApplicationSceneManifest_Generation = YES;
				INFOPLIST_KEY_UIApplicationSupportsIndirectInputEvents = YES;
				INFOPLIST_KEY_UILaunchScreen_Generation = YES;
				INFOPLIST_KEY_UISupportedInterfaceOrientations_iPad = "UIInterfaceOrientationPortrait UIInterfaceOrientationPortraitUpsideDown UIInterfaceOrientationLandscapeLeft UIInterfaceOrientationLandscapeRight";
				INFOPLIST_KEY_UISupportedInterfaceOrientations_iPhone = "UIInterfaceOrientationPortrait UIInterfaceOrientationLandscapeLeft UIInterfaceOrientationLandscapeRight";
				LD_RUNPATH_SEARCH_PATHS = (
					"$(inherited)",
					"@executable_path/Frameworks",
				);
				MARKETING_VERSION = 1.0;
				PRODUCT_BUNDLE_IDENTIFIER = "INFO6350.User-Management-System";
				PRODUCT_NAME = "$(TARGET_NAME)";
				SWIFT_EMIT_LOC_STRINGS = YES;
				SWIFT_VERSION = 5.0;
				TARGETED_DEVICE_FAMILY = "1,2";
			};
			name = Release;
		};
/* End XCBuildConfiguration section */

/* Begin XCConfigurationList section */
		2B83C7F82B00769C00CCCAC0 /* Build configuration list for PBXProject "User Management System" */ = {
			isa = XCConfigurationList;
			buildConfigurations = (
				2B83C8092B00769E00CCCAC0 /* Debug */,
				2B83C80A2B00769E00CCCAC0 /* Release */,
			);
			defaultConfigurationIsVisible = 0;
			defaultConfigurationName = Release;
		};
		2B83C80B2B00769E00CCCAC0 /* Build configuration list for PBXNativeTarget "User Management System" */ = {
			isa = XCConfigurationList;
			buildConfigurations = (
				2B83C80C2B00769E00CCCAC0 /* Debug */,
				2B83C80D2B00769E00CCCAC0 /* Release */,
			);
			defaultConfigurationIsVisible = 0;
			defaultConfigurationName = Release;
		};
/* End XCConfigurationList section */
	};
	rootObject = 2B83C7F52B00769C00CCCAC0 /* Project object */;
}
